{
  "name": "cert_reader",
  "version": "1.0.0",
  "lockfileVersion": 2,
  "requires": true,
  "packages": {
    "": {
      "name": "cert_reader",
      "version": "1.0.0",
      "license": "ISC",
      "dependencies": {
        "asn1js": "^2.2.0",
        "crypto": "^1.0.1",
        "node-forge": "^1.2.1",
        "pemtools": "^0.4.7",
        "pkijs": "^2.3.0",
        "pvutils": "^1.1.3",
        "win-ca": "^3.5.0"
      }
    },
    "node_modules/asn1": {
      "version": "0.1.11",
      "resolved": "https://registry.npmjs.org/asn1/-/asn1-0.1.11.tgz",
      "integrity": "sha1-VZvhg3bQik7E2+gId9J4GGObLfc=",
      "engines": {
        "node": ">=0.4.9"
      }
    },
    "node_modules/asn1.js": {
      "version": "4.10.1",
      "resolved": "https://registry.npmjs.org/asn1.js/-/asn1.js-4.10.1.tgz",
      "integrity": "sha512-p32cOF5q0Zqs9uBiONKYLm6BClCoBCM5O9JfeUSlnQLBTxYdTK+pW+nXflm8UkKd2UYlEbYz5qEi0JuZR9ckSw==",
      "dependencies": {
        "bn.js": "^4.0.0",
        "inherits": "^2.0.1",
        "minimalistic-assert": "^1.0.0"
      }
    },
    "node_modules/asn1js": {
      "version": "2.2.0",
      "resolved": "https://registry.npmjs.org/asn1js/-/asn1js-2.2.0.tgz",
      "integrity": "sha512-oagLNqpfNv7CvmyMoexMDNyVDSiq1rya0AEUgcLlNHdHgNl6U/hi8xY370n5y+ZIFEXOx0J4B1qF2NDjMRxklA==",
      "dependencies": {
        "pvutils": "latest"
      },
      "engines": {
        "node": ">=6.0.0"
      }
    },
    "node_modules/bn.js": {
      "version": "4.12.0",
      "resolved": "https://registry.npmjs.org/bn.js/-/bn.js-4.12.0.tgz",
      "integrity": "sha512-c98Bf3tPniI+scsdk237ku1Dc3ujXQTSgyiPUDEOe7tRkhrqridvh8klBv0HCEso1OLOYcHuCv/cS6DNxKH+ZA=="
    },
    "node_modules/bytestreamjs": {
      "version": "1.0.29",
      "resolved": "https://registry.npmjs.org/bytestreamjs/-/bytestreamjs-1.0.29.tgz",
      "integrity": "sha512-Mri3yqoo9YvdaSvD5OYl4Rdu9zCBJInW/Ez31sdlNY4ikMy//EvTTmidfLcs0e+NBvKVEpPzYvJAesjgMdjnZg==",
      "engines": {
        "node": ">=6.0.0"
      }
    },
    "node_modules/cbs": {
      "version": "0.1.1",
      "resolved": "https://registry.npmjs.org/cbs/-/cbs-0.1.1.tgz",
      "integrity": "sha1-eVzkro8kau+ZK4SUBKNj9/AhUxM="
    },
    "node_modules/crypto": {
      "version": "1.0.1",
      "resolved": "https://registry.npmjs.org/crypto/-/crypto-1.0.1.tgz",
      "integrity": "sha512-VxBKmeNcqQdiUQUW2Tzq0t377b54N2bMtXO/qiLa+6eRRmmC4qT3D4OnTGoT/U6O9aklQ/jTwbOtRMTTY8G0Ig==",
      "deprecated": "This package is no longer supported. It's now a built-in Node module. If you've depended on crypto, you should switch to the one that's built-in."
    },
    "node_modules/ctype": {
      "version": "0.5.2",
      "resolved": "https://registry.npmjs.org/ctype/-/ctype-0.5.2.tgz",
      "integrity": "sha1-/oCR1Gijc6Cwyf+Lv7NCXACXOh0=",
      "engines": {
        "node": ">= 0.4"
      }
    },
    "node_modules/inherits": {
      "version": "2.0.4",
      "resolved": "https://registry.npmjs.org/inherits/-/inherits-2.0.4.tgz",
      "integrity": "sha512-k/vGaX4/Yla3WzyMCvTQOXYeIHvqOKtnqBduzTHpzpQZzAskKMhZ2K+EnBiSM9zGSoIFeMpXKxa4dYeZIQqewQ=="
    },
    "node_modules/is-electron": {
      "version": "2.2.1",
      "resolved": "https://registry.npmjs.org/is-electron/-/is-electron-2.2.1.tgz",
      "integrity": "sha512-r8EEQQsqT+Gn0aXFx7lTFygYQhILLCB+wn0WCDL5LZRINeLH/Rvw1j2oKodELLXYNImQ3CRlVsY8wW4cGOsyuw=="
    },
    "node_modules/make-dir": {
      "version": "1.3.0",
      "resolved": "https://registry.npmjs.org/make-dir/-/make-dir-1.3.0.tgz",
      "integrity": "sha512-2w31R7SJtieJJnQtGc7RVL2StM2vGYVfqUOvUDxH6bC6aJTxPxTF0GnIgCyu7tjockiUWAYQRbxa7vKn34s5sQ==",
      "dependencies": {
        "pify": "^3.0.0"
      },
      "engines": {
        "node": ">=4"
      }
    },
    "node_modules/minimalistic-assert": {
      "version": "1.0.1",
      "resolved": "https://registry.npmjs.org/minimalistic-assert/-/minimalistic-assert-1.0.1.tgz",
      "integrity": "sha512-UtJcAD4yEaGtjPezWuO9wC4nwUnVH/8/Im3yEHQP4b67cXlD/Qr9hdITCU1xDbSEXg2XKNaP8jsReV7vQd00/A=="
    },
    "node_modules/node-forge": {
      "version": "1.2.1",
      "resolved": "https://registry.npmjs.org/node-forge/-/node-forge-1.2.1.tgz",
      "integrity": "sha512-Fcvtbb+zBcZXbTTVwqGA5W+MKBj56UjVRevvchv5XrcyXbmNdesfZL37nlcWOfpgHhgmxApw3tQbTr4CqNmX4w==",
      "engines": {
        "node": ">= 6.13.0"
      }
    },
    "node_modules/pemtools": {
      "version": "0.4.7",
      "resolved": "https://registry.npmjs.org/pemtools/-/pemtools-0.4.7.tgz",
      "integrity": "sha1-F0GexHQbIf+2XUjXEYYKvIUJ8Zo=",
      "dependencies": {
        "asn1.js": "^4.6.0",
        "bn.js": "^4.11.3",
        "cbs": "^0.1.1",
        "ssh-key-decrypt": "git+https://github.com/carlos8f/ssh-key-decrypt.git",
        "ssh-key-to-pem": "^0.11.1"
      }
    },
    "node_modules/pify": {
      "version": "3.0.0",
      "resolved": "https://registry.npmjs.org/pify/-/pify-3.0.0.tgz",
      "integrity": "sha1-5aSs0sEB/fPZpNB/DbxNtJ3SgXY=",
      "engines": {
        "node": ">=4"
      }
    },
    "node_modules/pkijs": {
      "version": "2.3.0",
      "resolved": "https://registry.npmjs.org/pkijs/-/pkijs-2.3.0.tgz",
      "integrity": "sha512-MYg9B0TTOCNDQPIMfTHdPEbldL+tt34u9/XYBwxnhTrbX2g4vfO2l5pNAAVnfXWLAsAbDUzEVsYncCYLwkr8OQ==",
      "dependencies": {
        "asn1js": "^2.1.1",
        "bytestreamjs": "^1.0.29",
        "pvutils": "^1.1.3"
      },
      "engines": {
        "node": ">=6.0.0"
      }
    },
    "node_modules/pvutils": {
      "version": "1.1.3",
      "resolved": "https://registry.npmjs.org/pvutils/-/pvutils-1.1.3.tgz",
      "integrity": "sha512-pMpnA0qRdFp32b1sJl1wOJNxZLQ2cbQx+k6tjNtZ8CpvVhNqEPRgivZ2WOUev2YMajecdH7ctUPDvEe87nariQ==",
      "engines": {
        "node": ">=6.0.0"
      }
    },
    "node_modules/split": {
      "version": "1.0.1",
      "resolved": "https://registry.npmjs.org/split/-/split-1.0.1.tgz",
      "integrity": "sha512-mTyOoPbrivtXnwnIxZRFYRrPNtEFKlpB2fvjSnCQUiAA6qAZzqwna5envK4uk6OIeP17CsdF3rSBGYVBsU0Tkg==",
      "dependencies": {
        "through": "2"
      },
      "engines": {
        "node": "*"
      }
    },
    "node_modules/ssh-key-decrypt": {
      "version": "0.1.1",
      "resolved": "git+ssh://git@github.com/carlos8f/ssh-key-decrypt.git#c27fe6fc12948148daa1f5c837a5a31a1599aa81",
      "license": "BSD"
    },
    "node_modules/ssh-key-to-pem": {
      "version": "0.11.1",
      "resolved": "https://registry.npmjs.org/ssh-key-to-pem/-/ssh-key-to-pem-0.11.1.tgz",
      "integrity": "sha1-CbEH0qSH3yI4hnHGAAYljGnbqug=",
      "dependencies": {
        "asn1": "0.1.11",
        "ctype": "0.5.2"
      },
      "engines": {
        "node": ">=0.8"
      }
    },
    "node_modules/through": {
      "version": "2.3.8",
      "resolved": "https://registry.npmjs.org/through/-/through-2.3.8.tgz",
      "integrity": "sha1-DdTJ/6q8NXlgsbckEV1+Doai4fU="
    },
    "node_modules/win-ca": {
      "version": "3.5.0",
      "resolved": "https://registry.npmjs.org/win-ca/-/win-ca-3.5.0.tgz",
      "integrity": "sha512-0TgO/+2iz2pS3OxBy2ikovPHOYyZRdLRxRTT9ze7DpZwEpaahLFOBuac93GM3lYEVzDyf8fXskJjIX/EILvkhQ==",
      "hasInstallScript": true,
      "dependencies": {
        "is-electron": "^2.2.0",
        "make-dir": "^1.3.0",
        "node-forge": "^1.2.1",
        "split": "^1.0.1"
      }
    }
  },
  "dependencies": {
    "asn1": {
      "version": "0.1.11",
      "resolved": "https://registry.npmjs.org/asn1/-/asn1-0.1.11.tgz",
      "integrity": "sha1-VZvhg3bQik7E2+gId9J4GGObLfc="
    },
    "asn1.js": {
      "version": "4.10.1",
      "resolved": "https://registry.npmjs.org/asn1.js/-/asn1.js-4.10.1.tgz",
      "integrity": "sha512-p32cOF5q0Zqs9uBiONKYLm6BClCoBCM5O9JfeUSlnQLBTxYdTK+pW+nXflm8UkKd2UYlEbYz5qEi0JuZR9ckSw==",
      "requires": {
        "bn.js": "^4.0.0",
        "inherits": "^2.0.1",
        "minimalistic-assert": "^1.0.0"
      }
    },
    "asn1js": {
      "version": "2.2.0",
      "resolved": "https://registry.npmjs.org/asn1js/-/asn1js-2.2.0.tgz",
      "integrity": "sha512-oagLNqpfNv7CvmyMoexMDNyVDSiq1rya0AEUgcLlNHdHgNl6U/hi8xY370n5y+ZIFEXOx0J4B1qF2NDjMRxklA==",
      "requires": {
        "pvutils": "latest"
      }
    },
    "bn.js": {
      "version": "4.12.0",
      "resolved": "https://registry.npmjs.org/bn.js/-/bn.js-4.12.0.tgz",
      "integrity": "sha512-c98Bf3tPniI+scsdk237ku1Dc3ujXQTSgyiPUDEOe7tRkhrqridvh8klBv0HCEso1OLOYcHuCv/cS6DNxKH+ZA=="
    },
    "bytestreamjs": {
      "version": "1.0.29",
      "resolved": "https://registry.npmjs.org/bytestreamjs/-/bytestreamjs-1.0.29.tgz",
      "integrity": "sha512-Mri3yqoo9YvdaSvD5OYl4Rdu9zCBJInW/Ez31sdlNY4ikMy//EvTTmidfLcs0e+NBvKVEpPzYvJAesjgMdjnZg=="
    },
    "cbs": {
      "version": "0.1.1",
      "resolved": "https://registry.npmjs.org/cbs/-/cbs-0.1.1.tgz",
      "integrity": "sha1-eVzkro8kau+ZK4SUBKNj9/AhUxM="
    },
    "crypto": {
      "version": "1.0.1",
      "resolved": "https://registry.npmjs.org/crypto/-/crypto-1.0.1.tgz",
      "integrity": "sha512-VxBKmeNcqQdiUQUW2Tzq0t377b54N2bMtXO/qiLa+6eRRmmC4qT3D4OnTGoT/U6O9aklQ/jTwbOtRMTTY8G0Ig=="
    },
    "ctype": {
      "version": "0.5.2",
      "resolved": "https://registry.npmjs.org/ctype/-/ctype-0.5.2.tgz",
      "integrity": "sha1-/oCR1Gijc6Cwyf+Lv7NCXACXOh0="
    },
    "inherits": {
      "version": "2.0.4",
      "resolved": "https://registry.npmjs.org/inherits/-/inherits-2.0.4.tgz",
      "integrity": "sha512-k/vGaX4/Yla3WzyMCvTQOXYeIHvqOKtnqBduzTHpzpQZzAskKMhZ2K+EnBiSM9zGSoIFeMpXKxa4dYeZIQqewQ=="
    },
    "is-electron": {
      "version": "2.2.1",
      "resolved": "https://registry.npmjs.org/is-electron/-/is-electron-2.2.1.tgz",
      "integrity": "sha512-r8EEQQsqT+Gn0aXFx7lTFygYQhILLCB+wn0WCDL5LZRINeLH/Rvw1j2oKodELLXYNImQ3CRlVsY8wW4cGOsyuw=="
    },
    "make-dir": {
      "version": "1.3.0",
      "resolved": "https://registry.npmjs.org/make-dir/-/make-dir-1.3.0.tgz",
      "integrity": "sha512-2w31R7SJtieJJnQtGc7RVL2StM2vGYVfqUOvUDxH6bC6aJTxPxTF0GnIgCyu7tjockiUWAYQRbxa7vKn34s5sQ==",
      "requires": {
        "pify": "^3.0.0"
      }
    },
    "minimalistic-assert": {
      "version": "1.0.1",
      "resolved": "https://registry.npmjs.org/minimalistic-assert/-/minimalistic-assert-1.0.1.tgz",
      "integrity": "sha512-UtJcAD4yEaGtjPezWuO9wC4nwUnVH/8/Im3yEHQP4b67cXlD/Qr9hdITCU1xDbSEXg2XKNaP8jsReV7vQd00/A=="
    },
    "node-forge": {
      "version": "1.2.1",
      "resolved": "https://registry.npmjs.org/node-forge/-/node-forge-1.2.1.tgz",
      "integrity": "sha512-Fcvtbb+zBcZXbTTVwqGA5W+MKBj56UjVRevvchv5XrcyXbmNdesfZL37nlcWOfpgHhgmxApw3tQbTr4CqNmX4w=="
    },
    "pemtools": {
      "version": "0.4.7",
      "resolved": "https://registry.npmjs.org/pemtools/-/pemtools-0.4.7.tgz",
      "integrity": "sha1-F0GexHQbIf+2XUjXEYYKvIUJ8Zo=",
      "requires": {
        "asn1.js": "^4.6.0",
        "bn.js": "^4.11.3",
        "cbs": "^0.1.1",
        "ssh-key-decrypt": "git+https://github.com/carlos8f/ssh-key-decrypt.git",
        "ssh-key-to-pem": "^0.11.1"
      }
    },
    "pify": {
      "version": "3.0.0",
      "resolved": "https://registry.npmjs.org/pify/-/pify-3.0.0.tgz",
      "integrity": "sha1-5aSs0sEB/fPZpNB/DbxNtJ3SgXY="
    },
    "pkijs": {
      "version": "2.3.0",
      "resolved": "https://registry.npmjs.org/pkijs/-/pkijs-2.3.0.tgz",
      "integrity": "sha512-MYg9B0TTOCNDQPIMfTHdPEbldL+tt34u9/XYBwxnhTrbX2g4vfO2l5pNAAVnfXWLAsAbDUzEVsYncCYLwkr8OQ==",
      "requires": {
        "asn1js": "^2.1.1",
        "bytestreamjs": "^1.0.29",
        "pvutils": "^1.1.3"
      }
    },
    "pvutils": {
      "version": "1.1.3",
      "resolved": "https://registry.npmjs.org/pvutils/-/pvutils-1.1.3.tgz",
      "integrity": "sha512-pMpnA0qRdFp32b1sJl1wOJNxZLQ2cbQx+k6tjNtZ8CpvVhNqEPRgivZ2WOUev2YMajecdH7ctUPDvEe87nariQ=="
    },
    "split": {
      "version": "1.0.1",
      "resolved": "https://registry.npmjs.org/split/-/split-1.0.1.tgz",
      "integrity": "sha512-mTyOoPbrivtXnwnIxZRFYRrPNtEFKlpB2fvjSnCQUiAA6qAZzqwna5envK4uk6OIeP17CsdF3rSBGYVBsU0Tkg==",
      "requires": {
        "through": "2"
      }
    },
    "ssh-key-decrypt": {
      "version": "git+ssh://git@github.com/carlos8f/ssh-key-decrypt.git#c27fe6fc12948148daa1f5c837a5a31a1599aa81",
      "from": "ssh-key-decrypt@git+https://github.com/carlos8f/ssh-key-decrypt.git"
    },
    "ssh-key-to-pem": {
      "version": "0.11.1",
      "resolved": "https://registry.npmjs.org/ssh-key-to-pem/-/ssh-key-to-pem-0.11.1.tgz",
      "integrity": "sha1-CbEH0qSH3yI4hnHGAAYljGnbqug=",
      "requires": {
        "asn1": "0.1.11",
        "ctype": "0.5.2"
      }
    },
    "through": {
      "version": "2.3.8",
      "resolved": "https://registry.npmjs.org/through/-/through-2.3.8.tgz",
      "integrity": "sha1-DdTJ/6q8NXlgsbckEV1+Doai4fU="
    },
    "win-ca": {
      "version": "3.5.0",
      "resolved": "https://registry.npmjs.org/win-ca/-/win-ca-3.5.0.tgz",
      "integrity": "sha512-0TgO/+2iz2pS3OxBy2ikovPHOYyZRdLRxRTT9ze7DpZwEpaahLFOBuac93GM3lYEVzDyf8fXskJjIX/EILvkhQ==",
      "requires": {
        "is-electron": "^2.2.0",
        "make-dir": "^1.3.0",
        "node-forge": "^1.2.1",
        "split": "^1.0.1"
      }
    }
  }
}
